// !$*UTF8*$!
{
	archiveVersion = 1;
	classes = {
	};
	objectVersion = 46;
	objects = {

/* Begin PBXBuildFile section */
		48449A691DB89E350028C79A /* LoginViewController.swift in Sources */ = {isa = PBXBuildFile; fileRef = 48449A681DB89E350028C79A /* LoginViewController.swift */; };
		48449A6B1DB89E560028C79A /* SignUpViewController.swift in Sources */ = {isa = PBXBuildFile; fileRef = 48449A6A1DB89E560028C79A /* SignUpViewController.swift */; };
		48449A6D1DB89E7C0028C79A /* SetUpProfileViewController.swift in Sources */ = {isa = PBXBuildFile; fileRef = 48449A6C1DB89E7C0028C79A /* SetUpProfileViewController.swift */; };
		48449A6F1DB8A2230028C79A /* GoogleService-Info.plist in Resources */ = {isa = PBXBuildFile; fileRef = 48449A6E1DB8A2230028C79A /* GoogleService-Info.plist */; };
		48449A711DB8A9F70028C79A /* ProfileViewController.swift in Sources */ = {isa = PBXBuildFile; fileRef = 48449A701DB8A9F70028C79A /* ProfileViewController.swift */; };
		489C6D321DB85F0F004AA83C /* AppDelegate.swift in Sources */ = {isa = PBXBuildFile; fileRef = 489C6D311DB85F0F004AA83C /* AppDelegate.swift */; };
		489C6D371DB85F0F004AA83C /* Main.storyboard in Resources */ = {isa = PBXBuildFile; fileRef = 489C6D351DB85F0F004AA83C /* Main.storyboard */; };
		489C6D391DB85F0F004AA83C /* Assets.xcassets in Resources */ = {isa = PBXBuildFile; fileRef = 489C6D381DB85F0F004AA83C /* Assets.xcassets */; };
		489C6D3C1DB85F0F004AA83C /* LaunchScreen.storyboard in Resources */ = {isa = PBXBuildFile; fileRef = 489C6D3A1DB85F0F004AA83C /* LaunchScreen.storyboard */; };
		489C6D441DB861D0004AA83C /* ListViewController.swift in Sources */ = {isa = PBXBuildFile; fileRef = 489C6D431DB861D0004AA83C /* ListViewController.swift */; };
		489C6D471DB86485004AA83C /* Profile.swift in Sources */ = {isa = PBXBuildFile; fileRef = 489C6D461DB86485004AA83C /* Profile.swift */; };
		489C6D4A1DB86C8F004AA83C /* HomeViewController.swift in Sources */ = {isa = PBXBuildFile; fileRef = 489C6D491DB86C8F004AA83C /* HomeViewController.swift */; };
		9E18B1C9942BA2EA0CDD6E6E /* Pods_FinalAssessmentAug16IOS.framework in Frameworks */ = {isa = PBXBuildFile; fileRef = 3DB457848DD59A1BE86B91B9 /* Pods_FinalAssessmentAug16IOS.framework */; };
/* End PBXBuildFile section */

/* Begin PBXFileReference section */
		1A39AA937330B05837A41118 /* Pods-FinalAssessmentAug16IOS.release.xcconfig */ = {isa = PBXFileReference; includeInIndex = 1; lastKnownFileType = text.xcconfig; name = "Pods-FinalAssessmentAug16IOS.release.xcconfig"; path = "Pods/Target Support Files/Pods-FinalAssessmentAug16IOS/Pods-FinalAssessmentAug16IOS.release.xcconfig"; sourceTree = "<group>"; };
		3DB457848DD59A1BE86B91B9 /* Pods_FinalAssessmentAug16IOS.framework */ = {isa = PBXFileReference; explicitFileType = wrapper.framework; includeInIndex = 0; path = Pods_FinalAssessmentAug16IOS.framework; sourceTree = BUILT_PRODUCTS_DIR; };
		48449A681DB89E350028C79A /* LoginViewController.swift */ = {isa = PBXFileReference; fileEncoding = 4; lastKnownFileType = sourcecode.swift; path = LoginViewController.swift; sourceTree = "<group>"; };
		48449A6A1DB89E560028C79A /* SignUpViewController.swift */ = {isa = PBXFileReference; fileEncoding = 4; lastKnownFileType = sourcecode.swift; path = SignUpViewController.swift; sourceTree = "<group>"; };
		48449A6C1DB89E7C0028C79A /* SetUpProfileViewController.swift */ = {isa = PBXFileReference; fileEncoding = 4; lastKnownFileType = sourcecode.swift; path = SetUpProfileViewController.swift; sourceTree = "<group>"; };
		48449A6E1DB8A2230028C79A /* GoogleService-Info.plist */ = {isa = PBXFileReference; fileEncoding = 4; lastKnownFileType = text.plist.xml; path = "GoogleService-Info.plist"; sourceTree = "<group>"; };
		48449A701DB8A9F70028C79A /* ProfileViewController.swift */ = {isa = PBXFileReference; fileEncoding = 4; lastKnownFileType = sourcecode.swift; path = ProfileViewController.swift; sourceTree = "<group>"; };
		489C6D2E1DB85F0E004AA83C /* FinalAssessmentAug16IOS.app */ = {isa = PBXFileReference; explicitFileType = wrapper.application; includeInIndex = 0; path = FinalAssessmentAug16IOS.app; sourceTree = BUILT_PRODUCTS_DIR; };
		489C6D311DB85F0F004AA83C /* AppDelegate.swift */ = {isa = PBXFileReference; lastKnownFileType = sourcecode.swift; path = AppDelegate.swift; sourceTree = "<group>"; };
		489C6D361DB85F0F004AA83C /* Base */ = {isa = PBXFileReference; lastKnownFileType = file.storyboard; name = Base; path = Base.lproj/Main.storyboard; sourceTree = "<group>"; };
		489C6D381DB85F0F004AA83C /* Assets.xcassets */ = {isa = PBXFileReference; lastKnownFileType = folder.assetcatalog; path = Assets.xcassets; sourceTree = "<group>"; };
		489C6D3B1DB85F0F004AA83C /* Base */ = {isa = PBXFileReference; lastKnownFileType = file.storyboard; name = Base; path = Base.lproj/LaunchScreen.storyboard; sourceTree = "<group>"; };
		489C6D3D1DB85F0F004AA83C /* Info.plist */ = {isa = PBXFileReference; lastKnownFileType = text.plist.xml; path = Info.plist; sourceTree = "<group>"; };
		489C6D431DB861D0004AA83C /* ListViewController.swift */ = {isa = PBXFileReference; fileEncoding = 4; lastKnownFileType = sourcecode.swift; path = ListViewController.swift; sourceTree = "<group>"; };
		489C6D461DB86485004AA83C /* Profile.swift */ = {isa = PBXFileReference; fileEncoding = 4; lastKnownFileType = sourcecode.swift; path = Profile.swift; sourceTree = "<group>"; };
		489C6D491DB86C8F004AA83C /* HomeViewController.swift */ = {isa = PBXFileReference; fileEncoding = 4; lastKnownFileType = sourcecode.swift; path = HomeViewController.swift; sourceTree = "<group>"; };
		C6AC80F282CD59E2ECFD6ADC /* Pods-FinalAssessmentAug16IOS.debug.xcconfig */ = {isa = PBXFileReference; includeInIndex = 1; lastKnownFileType = text.xcconfig; name = "Pods-FinalAssessmentAug16IOS.debug.xcconfig"; path = "Pods/Target Support Files/Pods-FinalAssessmentAug16IOS/Pods-FinalAssessmentAug16IOS.debug.xcconfig"; sourceTree = "<group>"; };
/* End PBXFileReference section */

/* Begin PBXFrameworksBuildPhase section */
		489C6D2B1DB85F0E004AA83C /* Frameworks */ = {
			isa = PBXFrameworksBuildPhase;
			buildActionMask = 2147483647;
			files = (
				9E18B1C9942BA2EA0CDD6E6E /* Pods_FinalAssessmentAug16IOS.framework in Frameworks */,
			);
			runOnlyForDeploymentPostprocessing = 0;
		};
/* End PBXFrameworksBuildPhase section */

/* Begin PBXGroup section */
		489C6D251DB85F0E004AA83C = {
			isa = PBXGroup;
			children = (
				489C6D301DB85F0E004AA83C /* FinalAssessmentAug16IOS */,
				489C6D2F1DB85F0E004AA83C /* Products */,
				DE37248E1099DE5FEF7F4020 /* Pods */,
				72FB48D1F6EFB160216822E3 /* Frameworks */,
			);
			sourceTree = "<group>";
		};
		489C6D2F1DB85F0E004AA83C /* Products */ = {
			isa = PBXGroup;
			children = (
				489C6D2E1DB85F0E004AA83C /* FinalAssessmentAug16IOS.app */,
			);
			name = Products;
			sourceTree = "<group>";
		};
		489C6D301DB85F0E004AA83C /* FinalAssessmentAug16IOS */ = {
			isa = PBXGroup;
			children = (
				489C6D311DB85F0F004AA83C /* AppDelegate.swift */,
				489C6D481DB86555004AA83C /* Class */,
				489C6D451DB86469004AA83C /* View controllers */,
				489C6D351DB85F0F004AA83C /* Main.storyboard */,
				489C6D381DB85F0F004AA83C /* Assets.xcassets */,
				489C6D3A1DB85F0F004AA83C /* LaunchScreen.storyboard */,
				48449A6E1DB8A2230028C79A /* GoogleService-Info.plist */,
				489C6D3D1DB85F0F004AA83C /* Info.plist */,
			);
			path = FinalAssessmentAug16IOS;
			sourceTree = "<group>";
		};
		489C6D451DB86469004AA83C /* View controllers */ = {
			isa = PBXGroup;
			children = (
				48449A681DB89E350028C79A /* LoginViewController.swift */,
				48449A6A1DB89E560028C79A /* SignUpViewController.swift */,
				48449A6C1DB89E7C0028C79A /* SetUpProfileViewController.swift */,
				489C6D491DB86C8F004AA83C /* HomeViewController.swift */,
				489C6D431DB861D0004AA83C /* ListViewController.swift */,
				48449A701DB8A9F70028C79A /* ProfileViewController.swift */,
			);
			name = "View controllers";
			sourceTree = "<group>";
		};
		489C6D481DB86555004AA83C /* Class */ = {
			isa = PBXGroup;
			children = (
				489C6D461DB86485004AA83C /* Profile.swift */,
			);
			name = Class;
			sourceTree = "<group>";
		};
		72FB48D1F6EFB160216822E3 /* Frameworks */ = {
			isa = PBXGroup;
			children = (
				3DB457848DD59A1BE86B91B9 /* Pods_FinalAssessmentAug16IOS.framework */,
			);
			name = Frameworks;
			sourceTree = "<group>";
		};
		DE37248E1099DE5FEF7F4020 /* Pods */ = {
			isa = PBXGroup;
			children = (
				C6AC80F282CD59E2ECFD6ADC /* Pods-FinalAssessmentAug16IOS.debug.xcconfig */,
				1A39AA937330B05837A41118 /* Pods-FinalAssessmentAug16IOS.release.xcconfig */,
			);
			name = Pods;
			sourceTree = "<group>";
		};
/* End PBXGroup section */

/* Begin PBXNativeTarget section */
		489C6D2D1DB85F0E004AA83C /* FinalAssessmentAug16IOS */ = {
			isa = PBXNativeTarget;
			buildConfigurationList = 489C6D401DB85F0F004AA83C /* Build configuration list for PBXNativeTarget "FinalAssessmentAug16IOS" */;
			buildPhases = (
				DFB7E0F789FD2D0219A9C881 /* [CP] Check Pods Manifest.lock */,
				489C6D2A1DB85F0E004AA83C /* Sources */,
				489C6D2B1DB85F0E004AA83C /* Frameworks */,
				489C6D2C1DB85F0E004AA83C /* Resources */,
				5A13C32A2AF8235E7BF572CB /* [CP] Embed Pods Frameworks */,
				2B5144B20D5EDFB1C197BA6D /* [CP] Copy Pods Resources */,
			);
			buildRules = (
			);
			dependencies = (
			);
			name = FinalAssessmentAug16IOS;
			productName = FinalAssessmentAug16IOS;
			productReference = 489C6D2E1DB85F0E004AA83C /* FinalAssessmentAug16IOS.app */;
			productType = "com.apple.product-type.application";
		};
/* End PBXNativeTarget section */

/* Begin PBXProject section */
		489C6D261DB85F0E004AA83C /* Project object */ = {
			isa = PBXProject;
			attributes = {
				LastSwiftUpdateCheck = 0800;
				LastUpgradeCheck = 0800;
				ORGANIZATIONNAME = dragoh;
				TargetAttributes = {
					489C6D2D1DB85F0E004AA83C = {
						CreatedOnToolsVersion = 8.0;
						DevelopmentTeam = N459RP7MQM;
						ProvisioningStyle = Automatic;
					};
				};
			};
			buildConfigurationList = 489C6D291DB85F0E004AA83C /* Build configuration list for PBXProject "FinalAssessmentAug16IOS" */;
			compatibilityVersion = "Xcode 3.2";
			developmentRegion = English;
			hasScannedForEncodings = 0;
			knownRegions = (
				en,
				Base,
			);
			mainGroup = 489C6D251DB85F0E004AA83C;
			productRefGroup = 489C6D2F1DB85F0E004AA83C /* Products */;
			projectDirPath = "";
			projectRoot = "";
			targets = (
				489C6D2D1DB85F0E004AA83C /* FinalAssessmentAug16IOS */,
			);
		};
/* End PBXProject section */

/* Begin PBXResourcesBuildPhase section */
		489C6D2C1DB85F0E004AA83C /* Resources */ = {
			isa = PBXResourcesBuildPhase;
			buildActionMask = 2147483647;
			files = (
				489C6D3C1DB85F0F004AA83C /* LaunchScreen.storyboard in Resources */,
				48449A6F1DB8A2230028C79A /* GoogleService-Info.plist in Resources */,
				489C6D391DB85F0F004AA83C /* Assets.xcassets in Resources */,
				489C6D371DB85F0F004AA83C /* Main.storyboard in Resources */,
			);
			runOnlyForDeploymentPostprocessing = 0;
		};
/* End PBXResourcesBuildPhase section */

/* Begin PBXShellScriptBuildPhase section */
		2B5144B20D5EDFB1C197BA6D /* [CP] Copy Pods Resources */ = {
			isa = PBXShellScriptBuildPhase;
			buildActionMask = 2147483647;
			files = (
			);
			inputPaths = (
			);
			name = "[CP] Copy Pods Resources";
			outputPaths = (
			);
			runOnlyForDeploymentPostprocessing = 0;
			shellPath = /bin/sh;
			shellScript = "\"${SRCROOT}/Pods/Target Support Files/Pods-FinalAssessmentAug16IOS/Pods-FinalAssessmentAug16IOS-resources.sh\"\n";
			showEnvVarsInLog = 0;
		};
		5A13C32A2AF8235E7BF572CB /* [CP] Embed Pods Frameworks */ = {
			isa = PBXShellScriptBuildPhase;
			buildActionMask = 2147483647;
			files = (
			);
			inputPaths = (
			);
			name = "[CP] Embed Pods Frameworks";
			outputPaths = (
			);
			runOnlyForDeploymentPostprocessing = 0;
			shellPath = /bin/sh;
			shellScript = "\"${SRCROOT}/Pods/Target Support Files/Pods-FinalAssessmentAug16IOS/Pods-FinalAssessmentAug16IOS-frameworks.sh\"\n";
			showEnvVarsInLog = 0;
		};
		DFB7E0F789FD2D0219A9C881 /* [CP] Check Pods Manifest.lock */ = {
			isa = PBXShellScriptBuildPhase;
			buildActionMask = 2147483647;
			files = (
			);
			inputPaths = (
			);
			name = "[CP] Check Pods Manifest.lock";
			outputPaths = (
			);
			runOnlyForDeploymentPostprocessing = 0;
			shellPath = /bin/sh;
			shellScript = "diff \"${PODS_ROOT}/../Podfile.lock\" \"${PODS_ROOT}/Manifest.lock\" > /dev/null\nif [[ $? != 0 ]] ; then\n    cat << EOM\nerror: The sandbox is not in sync with the Podfile.lock. Run 'pod install' or update your CocoaPods installation.\nEOM\n    exit 1\nfi\n";
			showEnvVarsInLog = 0;
		};
/* End PBXShellScriptBuildPhase section */

/* Begin PBXSourcesBuildPhase section */
		489C6D2A1DB85F0E004AA83C /* Sources */ = {
			isa = PBXSourcesBuildPhase;
			buildActionMask = 2147483647;
			files = (
				48449A6B1DB89E560028C79A /* SignUpViewController.swift in Sources */,
				489C6D471DB86485004AA83C /* Profile.swift in Sources */,
				48449A6D1DB89E7C0028C79A /* SetUpProfileViewController.swift in Sources */,
				489C6D321DB85F0F004AA83C /* AppDelegate.swift in Sources */,
				489C6D441DB861D0004AA83C /* ListViewController.swift in Sources */,
				48449A691DB89E350028C79A /* LoginViewController.swift in Sources */,
				48449A711DB8A9F70028C79A /* ProfileViewController.swift in Sources */,
				489C6D4A1DB86C8F004AA83C /* HomeViewController.swift in Sources */,
			);
			runOnlyForDeploymentPostprocessing = 0;
		};
/* End PBXSourcesBuildPhase section */

/* Begin PBXVariantGroup section */
		489C6D351DB85F0F004AA83C /* Main.storyboard */ = {
			isa = PBXVariantGroup;
			children = (
				489C6D361DB85F0F004AA83C /* Base */,
			);
			name = Main.storyboard;
			sourceTree = "<group>";
		};
		489C6D3A1DB85F0F004AA83C /* LaunchScreen.storyboard */ = {
			isa = PBXVariantGroup;
			children = (
				489C6D3B1DB85F0F004AA83C /* Base */,
			);
			name = LaunchScreen.storyboard;
			sourceTree = "<group>";
		};
/* End PBXVariantGroup section */

/* Begin XCBuildConfiguration section */
		489C6D3E1DB85F0F004AA83C /* Debug */ = {
			isa = XCBuildConfiguration;
			buildSettings = {
				ALWAYS_SEARCH_USER_PATHS = NO;
				CLANG_ANALYZER_NONNULL = YES;
				CLANG_CXX_LANGUAGE_STANDARD = "gnu++0x";
				CLANG_CXX_LIBRARY = "libc++";
				CLANG_ENABLE_MODULES = YES;
				CLANG_ENABLE_OBJC_ARC = YES;
				CLANG_WARN_BOOL_CONVERSION = YES;
				CLANG_WARN_CONSTANT_CONVERSION = YES;
				CLANG_WARN_DIRECT_OBJC_ISA_USAGE = YES_ERROR;
				CLANG_WARN_DOCUMENTATION_COMMENTS = YES;
				CLANG_WARN_EMPTY_BODY = YES;
				CLANG_WARN_ENUM_CONVERSION = YES;
				CLANG_WARN_INFINITE_RECURSION = YES;
				CLANG_WARN_INT_CONVERSION = YES;
				CLANG_WARN_OBJC_ROOT_CLASS = YES_ERROR;
				CLANG_WARN_SUSPICIOUS_MOVES = YES;
				CLANG_WARN_UNREACHABLE_CODE = YES;
				CLANG_WARN__DUPLICATE_METHOD_MATCH = YES;
				"CODE_SIGN_IDENTITY[sdk=iphoneos*]" = "iPhone Developer";
				COPY_PHASE_STRIP = NO;
				DEBUG_INFORMATION_FORMAT = dwarf;
				ENABLE_STRICT_OBJC_MSGSEND = YES;
				ENABLE_TESTABILITY = YES;
				GCC_C_LANGUAGE_STANDARD = gnu99;
				GCC_DYNAMIC_NO_PIC = NO;
				GCC_NO_COMMON_BLOCKS = YES;
				GCC_OPTIMIZATION_LEVEL = 0;
				GCC_PREPROCESSOR_DEFINITIONS = (
					"DEBUG=1",
					"$(inherited)",
				);
				GCC_WARN_64_TO_32_BIT_CONVERSION = YES;
				GCC_WARN_ABOUT_RETURN_TYPE = YES_ERROR;
				GCC_WARN_UNDECLARED_SELECTOR = YES;
				GCC_WARN_UNINITIALIZED_AUTOS = YES_AGGRESSIVE;
				GCC_WARN_UNUSED_FUNCTION = YES;
				GCC_WARN_UNUSED_VARIABLE = YES;
				IPHONEOS_DEPLOYMENT_TARGET = 10.0;
				MTL_ENABLE_DEBUG_INFO = YES;
				ONLY_ACTIVE_ARCH = YES;
				SDKROOT = iphoneos;
				SWIFT_ACTIVE_COMPILATION_CONDITIONS = DEBUG;
				SWIFT_OPTIMIZATION_LEVEL = "-Onone";
				TARGETED_DEVICE_FAMILY = "1,2";
			};
			name = Debug;
		};
		489C6D3F1DB85F0F004AA83C /* Release */ = {
			isa = XCBuildConfiguration;
			buildSettings = {
				ALWAYS_SEARCH_USER_PATHS = NO;
				CLANG_ANALYZER_NONNULL = YES;
				CLANG_CXX_LANGUAGE_STANDARD = "gnu++0x";
				CLANG_CXX_LIBRARY = "libc++";
				CLANG_ENABLE_MODULES = YES;
				CLANG_ENABLE_OBJC_ARC = YES;
				CLANG_WARN_BOOL_CONVERSION = YES;
				CLANG_WARN_CONSTANT_CONVERSION = YES;
				CLANG_WARN_DIRECT_OBJC_ISA_USAGE = YES_ERROR;
				CLANG_WARN_DOCUMENTATION_COMMENTS = YES;
				CLANG_WARN_EMPTY_BODY = YES;
				CLANG_WARN_ENUM_CONVERSION = YES;
				CLANG_WARN_INFINITE_RECURSION = YES;
				CLANG_WARN_INT_CONVERSION = YES;
				CLANG_WARN_OBJC_ROOT_CLASS = YES_ERROR;
				CLANG_WARN_SUSPICIOUS_MOVES = YES;
				CLANG_WARN_UNREACHABLE_CODE = YES;
				CLANG_WARN__DUPLICATE_METHOD_MATCH = YES;
				"CODE_SIGN_IDENTITY[sdk=iphoneos*]" = "iPhone Developer";
				COPY_PHASE_STRIP = NO;
				DEBUG_INFORMATION_FORMAT = "dwarf-with-dsym";
				ENABLE_NS_ASSERTIONS = NO;
				ENABLE_STRICT_OBJC_MSGSEND = YES;
				GCC_C_LANGUAGE_STANDARD = gnu99;
				GCC_NO_COMMON_BLOCKS = YES;
				GCC_WARN_64_TO_32_BIT_CONVERSION = YES;
				GCC_WARN_ABOUT_RETURN_TYPE = YES_ERROR;
				GCC_WARN_UNDECLARED_SELECTOR = YES;
				GCC_WARN_UNINITIALIZED_AUTOS = YES_AGGRESSIVE;
				GCC_WARN_UNUSED_FUNCTION = YES;
				GCC_WARN_UNUSED_VARIABLE = YES;
				IPHONEOS_DEPLOYMENT_TARGET = 10.0;
				MTL_ENABLE_DEBUG_INFO = NO;
				SDKROOT = iphoneos;
				SWIFT_OPTIMIZATION_LEVEL = "-Owholemodule";
				TARGETED_DEVICE_FAMILY = "1,2";
				VALIDATE_PRODUCT = YES;
			};
			name = Release;
		};
		489C6D411DB85F0F004AA83C /* Debug */ = {
			isa = XCBuildConfiguration;
			baseConfigurationReference = C6AC80F282CD59E2ECFD6ADC /* Pods-FinalAssessmentAug16IOS.debug.xcconfig */;
			buildSettings = {
				ASSETCATALOG_COMPILER_APPICON_NAME = AppIcon;
				DEVELOPMENT_TEAM = N459RP7MQM;
				INFOPLIST_FILE = FinalAssessmentAug16IOS/Info.plist;
				LD_RUNPATH_SEARCH_PATHS = "$(inherited) @executable_path/Frameworks";
				PRODUCT_BUNDLE_IDENTIFIER = com.dragoh.FinalAssessmentAug16IOS;
				PRODUCT_NAME = "$(TARGET_NAME)";
				SWIFT_VERSION = 3.0;
			};
			name = Debug;
		};
		489C6D421DB85F0F004AA83C /* Release */ = {
			isa = XCBuildConfiguration;
			baseConfigurationReference = 1A39AA937330B05837A41118 /* Pods-FinalAssessmentAug16IOS.release.xcconfig */;
			buildSettings = {
				ASSETCATALOG_COMPILER_APPICON_NAME = AppIcon;
				DEVELOPMENT_TEAM = N459RP7MQM;
				INFOPLIST_FILE = FinalAssessmentAug16IOS/Info.plist;
				LD_RUNPATH_SEARCH_PATHS = "$(inherited) @executable_path/Frameworks";
				PRODUCT_BUNDLE_IDENTIFIER = com.dragoh.FinalAssessmentAug16IOS;
				PRODUCT_NAME = "$(TARGET_NAME)";
				SWIFT_VERSION = 3.0;
			};
			name = Release;
		};
/* End XCBuildConfiguration section */

/* Begin XCConfigurationList section */
		489C6D291DB85F0E004AA83C /* Build configuration list for PBXProject "FinalAssessmentAug16IOS" */ = {
			isa = XCConfigurationList;
			buildConfigurations = (
				489C6D3E1DB85F0F004AA83C /* Debug */,
				489C6D3F1DB85F0F004AA83C /* Release */,
			);
			defaultConfigurationIsVisible = 0;
			defaultConfigurationName = Release;
		};
		489C6D401DB85F0F004AA83C /* Build configuration list for PBXNativeTarget "FinalAssessmentAug16IOS" */ = {
			isa = XCConfigurationList;
			buildConfigurations = (
				489C6D411DB85F0F004AA83C /* Debug */,
				489C6D421DB85F0F004AA83C /* Release */,
			);
			defaultConfigurationIsVisible = 0;
			defaultConfigurationName = Release;
		};
/* End XCConfigurationList section */
	};
	rootObject = 489C6D261DB85F0E004AA83C /* Project object */;
}
